<?xml version="1.0" encoding="UTF-8" standalone="yes" ?>
<CodeBlocks_project_file>
	<FileVersion major="1" minor="6" />
	<Project>
		<Option title="BomberSowEditor" />
		<Option platforms="Windows;Unix;" />
		<Option pch_mode="2" />
		<Option compiler="gcc" />
		<Build>
			<Target title="Debug">
				<Option platforms="Windows;" />
				<Option output="bin\Debug\BomberSowEditor" prefix_auto="1" extension_auto="1" />
				<Option working_dir="bin\Debug" />
				<Option object_output="obj\BomberSowEditor\Debug\" />
				<Option type="1" />
				<Option compiler="gcc" />
				<Compiler>
					<Add option="-pg" />
					<Add option="-g" />
					<Add option="-DDEBUG_MODE" />
				</Compiler>
				<Linker>
					<Add option="-pg -lgmon" />
					<Add option="-lcsfml-audio-d" />
					<Add option="-lcsfml-graphics-d" />
					<Add option="-lcsfml-window-d" />
					<Add option="-lcsfml-network-d" />
					<Add option="-lcsfml-system-d" />
					<Add option="-lmingw32" />
					<Add directory="dep\lib-win" />
				</Linker>
			</Target>
			<Target title="Release">
				<Option platforms="Windows;" />
				<Option output="bin\Release\BomberSowEditor" prefix_auto="1" extension_auto="1" />
				<Option working_dir="bin\Release" />
				<Option object_output="obj\BomberSowEditor\Release\" />
				<Option type="0" />
				<Option compiler="gcc" />
				<Compiler>
					<Add option="-march=prescott" />
					<Add option="-fexpensive-optimizations" />
					<Add option="-O3" />
					<Add option="-O2" />
					<Add option="-O1" />
					<Add option="-O" />
				</Compiler>
				<Linker>
					<Add option="-s" />
					<Add option="-lcsfml-audio" />
					<Add option="-lcsfml-graphics" />
					<Add option="-lcsfml-window" />
					<Add option="-lcsfml-network" />
					<Add option="-lcsfml-system" />
					<Add option="-lmingw32" />
					<Add directory="dep\lib-win" />
				</Linker>
			</Target>
			<Target title="Linux Debug">
				<Option platforms="Unix;" />
				<Option output="bin\Debug\BomberSowEditor" prefix_auto="1" extension_auto="1" />
				<Option working_dir="bin\Debug" />
				<Option object_output="obj\BomberSowEditor\Debug\" />
				<Option type="1" />
				<Option compiler="gcc" />
				<Compiler>
					<Add option="-pg" />
					<Add option="-g" />
					<Add option="-DDEBUG_MODE" />
				</Compiler>
				<Linker>
					<Add option="-pg -lgmon" />
					<Add option="-lcsfml-audio" />
					<Add option="-lcsfml-graphics" />
					<Add option="-lcsfml-window" />
					<Add option="-lcsfml-network" />
					<Add option="-lcsfml-system" />
					<Add directory="dep\lib-nix" />
				</Linker>
			</Target>
			<Target title="Linux Release">
				<Option platforms="Unix;" />
				<Option output="bin\Release\BomberSowEditor" prefix_auto="1" extension_auto="1" />
				<Option working_dir="bin\Release" />
				<Option object_output="obj\BomberSowEditor\Release\" />
				<Option type="0" />
				<Option compiler="gcc" />
				<Compiler>
					<Add option="-march=prescott" />
					<Add option="-fexpensive-optimizations" />
					<Add option="-O3" />
					<Add option="-O2" />
					<Add option="-O1" />
					<Add option="-O" />
				</Compiler>
				<Linker>
					<Add option="-s" />
					<Add option="-lcsfml-audio" />
					<Add option="-lcsfml-graphics" />
					<Add option="-lcsfml-window" />
					<Add option="-lcsfml-network" />
					<Add option="-lcsfml-system" />
					<Add option="-lmingw32" />
					<Add directory="dep\lib-nix" />
				</Linker>
			</Target>
		</Build>
		<Compiler>
			<Add option="-Wall" />
			<Add option="-std=c99" />
			<Add directory="dep\include\" />
			<Add directory="src\" />
			<Add directory="dep\CSFML-GUI" />
		</Compiler>
		<Linker>
			<Add option="-lopengl32" />
		</Linker>
		<Unit filename="dep\CSFML-GUI\Gui\Gui.c">
			<Option compilerVar="CC" />
		</Unit>
		<Unit filename="dep\CSFML-GUI\Gui\Gui.h" />
		<Unit filename="src\BaseSystem\Logging.c">
			<Option compilerVar="CC" />
		</Unit>
		<Unit filename="src\BaseSystem\Logging.h" />
		<Unit filename="src\GraphicEngine\Draw.c">
			<Option compilerVar="CC" />
		</Unit>
		<Unit filename="src\GraphicEngine\Draw.h" />
		<Unit filename="src\GraphicEngine\Image.c">
			<Option compilerVar="CC" />
		</Unit>
		<Unit filename="src\GraphicEngine\Image.h" />
		<Unit filename="src\Main-Editor.c">
			<Option compilerVar="CC" />
		</Unit>
		<Unit filename="src\Map\MapLoader.c">
			<Option compilerVar="CC" />
		</Unit>
		<Unit filename="src\Map\MapLoader.h" />
		<Unit filename="src\Objects\Bullet.c">
			<Option compilerVar="CC" />
		</Unit>
		<Unit filename="src\Objects\Editor.c">
			<Option compilerVar="CC" />
		</Unit>
		<Unit filename="src\Objects\Editor.h" />
		<Unit filename="src\Objects\GameObjects.h" />
		<Unit filename="src\Objects\Map.c">
			<Option compilerVar="CC" />
		</Unit>
		<Unit filename="src\Objects\Objects.c">
			<Option compilerVar="CC" />
		</Unit>
		<Unit filename="src\Objects\Player.c">
			<Option compilerVar="CC" />
		</Unit>
		<Unit filename="src\Objects\Weapon.c">
			<Option compilerVar="CC" />
		</Unit>
		<Unit filename="src\Screen\Map_screen.c">
			<Option compilerVar="CC" />
		</Unit>
		<Unit filename="src\Screen\Map_screen.h" />
		<Unit filename="src\Screen\Menu_Screen.c">
			<Option compilerVar="CC" />
		</Unit>
		<Unit filename="src\Screen\Menu_Screen.h" />
		<Unit filename="src\Screen\Objects_Screen.c">
			<Option compilerVar="CC" />
		</Unit>
		<Unit filename="src\Screen\Objects_Screen.h" />
		<Extensions>
			<code_completion />
			<debugger />
			<envvars />
		</Extensions>
	</Project>
</CodeBlocks_project_file>
