<?xml version="1.0" encoding="UTF-8" standalone="yes" ?>
<CodeBlocks_project_file>
	<FileVersion major="1" minor="6" />
	<Project>
		<Option title="BomberSow" />
		<Option platforms="Windows;Unix;" />
		<Option pch_mode="2" />
		<Option compiler="gcc" />
		<Build>
			<Target title="Debug">
				<Option platforms="Windows;" />
				<Option output="bin\Debug\BomberSow" prefix_auto="1" extension_auto="1" />
				<Option working_dir="bin\Debug\" />
				<Option object_output="obj\BomberSow\Debug\" />
				<Option type="1" />
				<Option compiler="gcc" />
				<Compiler>
					<Add option="-pg" />
					<Add option="-g" />
					<Add option="-std=c99" />
					<Add option="-DDEBUG_MODE" />
				</Compiler>
				<Linker>
					<Add option="-pg -lgmon" />
					<Add option="-lcsfml-audio-d" />
					<Add option="-lcsfml-graphics-d" />
					<Add option="-lcsfml-window-d" />
					<Add option="-lcsfml-network-d" />
					<Add option="-lcsfml-system-d" />
					<Add option="-lopengl32" />
					<Add option="-lmingw32" />
					<Add directory="dep\lib-win" />
				</Linker>
			</Target>
			<Target title="Release">
				<Option platforms="Windows;" />
				<Option output="bin\Release\BomberSow" prefix_auto="1" extension_auto="1" />
				<Option working_dir="bin\Release\" />
				<Option object_output="obj\BomberSow\Release\" />
				<Option type="0" />
				<Option compiler="gcc" />
				<Compiler>
					<Add option="-march=pentium4" />
					<Add option="-fexpensive-optimizations" />
					<Add option="-O3" />
					<Add option="-O2" />
					<Add option="-O1" />
					<Add option="-O" />
					<Add option="-std=c99" />
				</Compiler>
				<Linker>
					<Add option="-s" />
					<Add option="-lcsfml-audio" />
					<Add option="-lcsfml-graphics" />
					<Add option="-lcsfml-window" />
					<Add option="-lcsfml-network" />
					<Add option="-lcsfml-system" />
					<Add option="-lopengl32" />
					<Add option="-lmingw32" />
					<Add directory="dep\lib-win" />
				</Linker>
			</Target>
			<Target title="Linux Debug">
				<Option platforms="Unix;" />
				<Option output="bin\Debug\BomberSow" prefix_auto="1" extension_auto="1" />
				<Option working_dir="bin\Debug" />
				<Option object_output="obj\BomberSow\Debug" />
				<Option type="1" />
				<Option compiler="gcc" />
				<Option use_console_runner="0" />
				<Compiler>
					<Add option="-pg" />
					<Add option="-std=c99" />
				</Compiler>
				<Linker>
					<Add option="-pg -lgmon" />
					<Add option="-lcsfml-audio" />
					<Add option="-lcsfml-graphics" />
					<Add option="-lcsfml-window" />
					<Add option="-lcsfml-network" />
					<Add option="-lcsfml-system" />
					<Add option="-lGLEW" />
					<Add directory="dep\lib-nix" />
				</Linker>
			</Target>
			<Target title="Linux Release">
				<Option platforms="Unix;" />
				<Option output="bin\Release\BomberSow" prefix_auto="1" extension_auto="1" />
				<Option working_dir="bin\Release\" />
				<Option object_output="obj\BomberSow\Release\" />
				<Option type="0" />
				<Option compiler="gcc" />
				<Compiler>
					<Add option="-march=pentium4" />
					<Add option="-fexpensive-optimizations" />
					<Add option="-O3" />
					<Add option="-O2" />
					<Add option="-O1" />
					<Add option="-O" />
					<Add option="-std=c99" />
				</Compiler>
				<Linker>
					<Add option="-s" />
					<Add option="-lcsfml-audio" />
					<Add option="-lcsfml-graphics" />
					<Add option="-lcsfml-window" />
					<Add option="-lcsfml-network" />
					<Add option="-lcsfml-system" />
					<Add option="-lGLEW" />
					<Add directory="dep\lib-nix" />
				</Linker>
			</Target>
		</Build>
		<Compiler>
			<Add option="-Wall" />
			<Add option="-DCSFML_DYNAMIC" />
			<Add option="-DGLEW_STATIC" />
			<Add directory="src" />
			<Add directory="dep\include" />
			<Add directory="dep\CSFML-GUI" />
		</Compiler>
		<Unit filename="dep\CSFML-GUI\Gui\Gui.c">
			<Option compilerVar="CC" />
		</Unit>
		<Unit filename="dep\CSFML-GUI\Gui\Gui.h" />
		<Unit filename="dep\GLEW\glew.c">
			<Option compilerVar="CC" />
			<Option target="Debug" />
			<Option target="Release" />
		</Unit>
		<Unit filename="dep\include\GL\glew.h" />
		<Unit filename="dep\include\GL\glxew.h" />
		<Unit filename="dep\include\GL\wglew.h" />
		<Unit filename="dep\include\Memleak\halloc.c">
			<Option compilerVar="CC" />
		</Unit>
		<Unit filename="dep\include\Memleak\halloc.h" />
		<Unit filename="dep\include\SFML\Audio.h" />
		<Unit filename="dep\include\SFML\Audio\Listener.h" />
		<Unit filename="dep\include\SFML\Audio\Music.h" />
		<Unit filename="dep\include\SFML\Audio\Sound.h" />
		<Unit filename="dep\include\SFML\Audio\SoundBuffer.h" />
		<Unit filename="dep\include\SFML\Audio\SoundBufferRecorder.h" />
		<Unit filename="dep\include\SFML\Audio\SoundRecorder.h" />
		<Unit filename="dep\include\SFML\Audio\SoundStatus.h" />
		<Unit filename="dep\include\SFML\Audio\SoundStream.h" />
		<Unit filename="dep\include\SFML\Config.h" />
		<Unit filename="dep\include\SFML\Graphics.h" />
		<Unit filename="dep\include\SFML\Graphics\BlendMode.h" />
		<Unit filename="dep\include\SFML\Graphics\Color.h" />
		<Unit filename="dep\include\SFML\Graphics\Font.h" />
		<Unit filename="dep\include\SFML\Graphics\Glyph.h" />
		<Unit filename="dep\include\SFML\Graphics\Image.h" />
		<Unit filename="dep\include\SFML\Graphics\PostFX.h" />
		<Unit filename="dep\include\SFML\Graphics\Rect.h" />
		<Unit filename="dep\include\SFML\Graphics\RenderWindow.h" />
		<Unit filename="dep\include\SFML\Graphics\Shape.h" />
		<Unit filename="dep\include\SFML\Graphics\Sprite.h" />
		<Unit filename="dep\include\SFML\Graphics\String.h" />
		<Unit filename="dep\include\SFML\Graphics\View.h" />
		<Unit filename="dep\include\SFML\Network.h" />
		<Unit filename="dep\include\SFML\Network\Ftp.h" />
		<Unit filename="dep\include\SFML\Network\Http.h" />
		<Unit filename="dep\include\SFML\Network\IPAddress.h" />
		<Unit filename="dep\include\SFML\Network\Packet.h" />
		<Unit filename="dep\include\SFML\Network\Selector.h" />
		<Unit filename="dep\include\SFML\Network\SocketStatus.h" />
		<Unit filename="dep\include\SFML\Network\SocketTCP.h" />
		<Unit filename="dep\include\SFML\Network\SocketUDP.h" />
		<Unit filename="dep\include\SFML\System.h" />
		<Unit filename="dep\include\SFML\System\Clock.h" />
		<Unit filename="dep\include\SFML\System\Mutex.h" />
		<Unit filename="dep\include\SFML\System\Randomizer.h" />
		<Unit filename="dep\include\SFML\System\Sleep.h" />
		<Unit filename="dep\include\SFML\System\Thread.h" />
		<Unit filename="dep\include\SFML\Window.h" />
		<Unit filename="dep\include\SFML\Window\Context.h" />
		<Unit filename="dep\include\SFML\Window\Event.h" />
		<Unit filename="dep\include\SFML\Window\Input.h" />
		<Unit filename="dep\include\SFML\Window\VideoMode.h" />
		<Unit filename="dep\include\SFML\Window\Window.h" />
		<Unit filename="dep\include\SFML\Window\WindowHandle.h" />
		<Unit filename="src\AudioEngine.c">
			<Option compilerVar="CC" />
		</Unit>
		<Unit filename="src\AudioEngine.h" />
		<Unit filename="src\BaseSystem\Config.c">
			<Option compilerVar="CC" />
		</Unit>
		<Unit filename="src\BaseSystem\Config.h" />
		<Unit filename="src\BaseSystem\Logging.c">
			<Option compilerVar="CC" />
		</Unit>
		<Unit filename="src\BaseSystem\Logging.h" />
		<Unit filename="src\Game\ClientScreen.c">
			<Option compilerVar="CC" />
		</Unit>
		<Unit filename="src\Game\CreditsScreen.c">
			<Option compilerVar="CC" />
		</Unit>
		<Unit filename="src\Game\GameScreens.h" />
		<Unit filename="src\Game\LobbyScreen.c">
			<Option compilerVar="CC" />
		</Unit>
		<Unit filename="src\Game\MenuScreen.c">
			<Option compilerVar="CC" />
		</Unit>
		<Unit filename="src\Game\PlayScreen.c">
			<Option compilerVar="CC" />
		</Unit>
		<Unit filename="src\Game\PlayingScreen.c">
			<Option compilerVar="CC" />
		</Unit>
		<Unit filename="src\Game\ServerScreen.c">
			<Option compilerVar="CC" />
		</Unit>
		<Unit filename="src\Game\SettingsScreen.c">
			<Option compilerVar="CC" />
		</Unit>
		<Unit filename="src\GraphicEngine\Draw.c">
			<Option compilerVar="CC" />
		</Unit>
		<Unit filename="src\GraphicEngine\Draw.h" />
		<Unit filename="src\GraphicEngine\Image.c">
			<Option compilerVar="CC" />
		</Unit>
		<Unit filename="src\GraphicEngine\Image.h" />
		<Unit filename="src\InputsControl\ConfigParsing.c">
			<Option compilerVar="CC" />
		</Unit>
		<Unit filename="src\InputsControl\PlayerControl.c">
			<Option compilerVar="CC" />
		</Unit>
		<Unit filename="src\Main-Game.c">
			<Option compilerVar="CC" />
		</Unit>
		<Unit filename="src\Map\MapHandler.c">
			<Option compilerVar="CC" />
		</Unit>
		<Unit filename="src\Map\MapHandler.h" />
		<Unit filename="src\Map\MapLoader.c">
			<Option compilerVar="CC" />
		</Unit>
		<Unit filename="src\Map\MapLoader.h" />
		<Unit filename="src\Networking\ChatHandler.c">
			<Option compilerVar="CC" />
		</Unit>
		<Unit filename="src\Networking\ClientThread.c">
			<Option compilerVar="CC" />
		</Unit>
		<Unit filename="src\Networking\DataHandler.c">
			<Option compilerVar="CC" />
		</Unit>
		<Unit filename="src\Networking\Networking.h" />
		<Unit filename="src\Networking\PacketDefines.h" />
		<Unit filename="src\Networking\ServerThread.c">
			<Option compilerVar="CC" />
		</Unit>
		<Unit filename="src\Objects\Bullet.c">
			<Option compilerVar="CC" />
		</Unit>
		<Unit filename="src\Objects\GameObjects.h" />
		<Unit filename="src\Objects\Map.c">
			<Option compilerVar="CC" />
		</Unit>
		<Unit filename="src\Objects\Objects.c">
			<Option compilerVar="CC" />
		</Unit>
		<Unit filename="src\Objects\Player.c">
			<Option compilerVar="CC" />
		</Unit>
		<Unit filename="src\Objects\Screen.c">
			<Option compilerVar="CC" />
		</Unit>
		<Unit filename="src\Objects\Screen.h" />
		<Unit filename="src\Objects\Weapon.c">
			<Option compilerVar="CC" />
		</Unit>
		<Unit filename="src\PhysicsEngine\CollisionSystem.c">
			<Option compilerVar="CC" />
		</Unit>
		<Unit filename="src\PhysicsEngine\CollisionSystem.h" />
		<Unit filename="src\PhysicsEngine\GravitySystem.c">
			<Option compilerVar="CC" />
		</Unit>
		<Unit filename="src\PhysicsEngine\GravitySystem.h" />
		<Unit filename="src\PhysicsEngine\ParticleSystem.c">
			<Option compilerVar="CC" />
		</Unit>
		<Unit filename="src\PhysicsEngine\ParticleSystem.h" />
		<Unit filename="src\PhysicsEngine\PhysicsEngine.c">
			<Option compilerVar="CC" />
		</Unit>
		<Unit filename="src\PhysicsEngine\PhysicsEngine.h" />
		<Extensions>
			<code_completion />
			<envvars />
			<debugger />
			<lib_finder disable_auto="1" />
		</Extensions>
	</Project>
</CodeBlocks_project_file>
